
Microsoft Visual Studio Solution File, Format Version 12.00
# Visual Studio Version 16
VisualStudioVersion = 16.0.29306.81
MinimumVisualStudioVersion = 10.0.40219.1
Project("{8BC9CEB8-8B4A-11D0-8D11-00A0C91BC942}") = "Аксёнов 9372 - Алгоритмы", "Аксёнов 9372 - Алгоритмы.vcxproj", "{F6D90BD7-3575-468C-B5FB-E06E9DDB3080}"
EndProject
Global
	GlobalSection(SolutionConfigurationPlatforms) = preSolution
		Debug|x64 = Debug|x64
		Debug|x86 = Debug|x86
		Release|x64 = Release|x64
		Release|x86 = Release|x86
	EndGlobalSection
	GlobalSection(ProjectConfigurationPlatforms) = postSolution
		{F6D90BD7-3575-468C-B5FB-E06E9DDB3080}.Debug|x64.ActiveCfg = Debug|x64
		{F6D90BD7-3575-468C-B5FB-E06E9DDB3080}.Debug|x64.Build.0 = Debug|x64
		{F6D90BD7-3575-468C-B5FB-E06E9DDB3080}.Debug|x86.ActiveCfg = Debug|Win32
		{F6D90BD7-3575-468C-B5FB-E06E9DDB3080}.Debug|x86.Build.0 = Debug|Win32
		{F6D90BD7-3575-468C-B5FB-E06E9DDB3080}.Release|x64.ActiveCfg = Release|x64
		{F6D90BD7-3575-468C-B5FB-E06E9DDB3080}.Release|x64.Build.0 = Release|x64
		{F6D90BD7-3575-468C-B5FB-E06E9DDB3080}.Release|x86.ActiveCfg = Release|Win32
		{F6D90BD7-3575-468C-B5FB-E06E9DDB3080}.Release|x86.Build.0 = Release|Win32
	EndGlobalSection
	GlobalSection(SolutionProperties) = preSolution
		HideSolutionNode = FALSE
	EndGlobalSection
	GlobalSection(ExtensibilityGlobals) = postSolution
		SolutionGuid = {B925862A-0970-4346-9E13-A916A70A8218}
	EndGlobalSection
EndGlobal
